
Microsoft Visual Studio Solution File, Format Version 12.00
# Visual Studio Version 17
VisualStudioVersion = 17.11.35219.272
MinimumVisualStudioVersion = 10.0.40219.1
Project("{FAE04EC0-301F-11D3-BF4B-00C04F79EFBC}") = "ProyectoConexionesWF1", "ProyectoConexionesWF1\ProyectoConexionesWF1.csproj", "{FBF2EEE1-27DE-4014-88EF-ABB731A24089}"
EndProject
Global
	GlobalSection(SolutionConfigurationPlatforms) = preSolution
		Debug|Any CPU = Debug|Any CPU
		Release|Any CPU = Release|Any CPU
	EndGlobalSection
	GlobalSection(ProjectConfigurationPlatforms) = postSolution
		{FBF2EEE1-27DE-4014-88EF-ABB731A24089}.Debug|Any CPU.ActiveCfg = Debug|Any CPU
		{FBF2EEE1-27DE-4014-88EF-ABB731A24089}.Debug|Any CPU.Build.0 = Debug|Any CPU
		{FBF2EEE1-27DE-4014-88EF-ABB731A24089}.Release|Any CPU.ActiveCfg = Release|Any CPU
		{FBF2EEE1-27DE-4014-88EF-ABB731A24089}.Release|Any CPU.Build.0 = Release|Any CPU
	EndGlobalSection
	GlobalSection(SolutionProperties) = preSolution
		HideSolutionNode = FALSE
	EndGlobalSection
	GlobalSection(ExtensibilityGlobals) = postSolution
		SolutionGuid = {78B92000-0E40-4202-A12B-73BD33BDB4D9}
	EndGlobalSection
EndGlobal
